// !$*UTF8*$!
{
	archiveVersion = 1;
	classes = {
	};
	objectVersion = 50;
	objects = {

/* Begin PBXBuildFile section */
		3C5166F626B16389008342CB /* pixel.ttf in Resources */ = {isa = PBXBuildFile; fileRef = 3C5166F526B16389008342CB /* pixel.ttf */; };
		3C5166FF26B164EB008342CB /* ColourPalette.swift in Sources */ = {isa = PBXBuildFile; fileRef = 3C5166FE26B164EB008342CB /* ColourPalette.swift */; };
		3C51670C26B19688008342CB /* GifView.swift in Sources */ = {isa = PBXBuildFile; fileRef = 3C51670B26B19688008342CB /* GifView.swift */; };
		3C51671226B1A593008342CB /* ButtonView.swift in Sources */ = {isa = PBXBuildFile; fileRef = 3C51671126B1A592008342CB /* ButtonView.swift */; };
		3C51671626B1A635008342CB /* OnboardingCardView.swift in Sources */ = {isa = PBXBuildFile; fileRef = 3C51671526B1A635008342CB /* OnboardingCardView.swift */; };
		3C51671926B1A682008342CB /* OnboardingView.swift in Sources */ = {isa = PBXBuildFile; fileRef = 3C51671826B1A682008342CB /* OnboardingView.swift */; };
		3C51672126B1B6C9008342CB /* HomeView.swift in Sources */ = {isa = PBXBuildFile; fileRef = 3C51672026B1B6C9008342CB /* HomeView.swift */; };
		3C630A0126C27880003C7C16 /* FishView.swift in Sources */ = {isa = PBXBuildFile; fileRef = 3C630A0026C27880003C7C16 /* FishView.swift */; };
		3C630A0326C278AD003C7C16 /* FishData.swift in Sources */ = {isa = PBXBuildFile; fileRef = 3C630A0226C278AD003C7C16 /* FishData.swift */; };
		3C630A0526C2795B003C7C16 /* FishDetailView.swift in Sources */ = {isa = PBXBuildFile; fileRef = 3C630A0426C2795B003C7C16 /* FishDetailView.swift */; };
		3C630A0B26C28401003C7C16 /* ArtefactsDetailView.swift in Sources */ = {isa = PBXBuildFile; fileRef = 3C630A0A26C28401003C7C16 /* ArtefactsDetailView.swift */; };
		3C630A0D26C2840E003C7C16 /* ArtefactsView.swift in Sources */ = {isa = PBXBuildFile; fileRef = 3C630A0C26C2840E003C7C16 /* ArtefactsView.swift */; };
		3C630A0F26C2841A003C7C16 /* ArtefactsData.swift in Sources */ = {isa = PBXBuildFile; fileRef = 3C630A0E26C2841A003C7C16 /* ArtefactsData.swift */; };
		3C630A1526C2B578003C7C16 /* MineralsData.swift in Sources */ = {isa = PBXBuildFile; fileRef = 3C630A1426C2B578003C7C16 /* MineralsData.swift */; };
		3C630A1726C2B5DF003C7C16 /* MineralsView.swift in Sources */ = {isa = PBXBuildFile; fileRef = 3C630A1626C2B5DF003C7C16 /* MineralsView.swift */; };
		3C630A1926C2B62F003C7C16 /* MineralsDetailView.swift in Sources */ = {isa = PBXBuildFile; fileRef = 3C630A1826C2B62F003C7C16 /* MineralsDetailView.swift */; };
		3C630A1D26C2BC59003C7C16 /* CookingData.swift in Sources */ = {isa = PBXBuildFile; fileRef = 3C630A1C26C2BC59003C7C16 /* CookingData.swift */; };
		3C630A1F26C2BCFC003C7C16 /* CookingDetailView.swift in Sources */ = {isa = PBXBuildFile; fileRef = 3C630A1E26C2BCFC003C7C16 /* CookingDetailView.swift */; };
		3C630A2126C2BDC7003C7C16 /* CookingView.swift in Sources */ = {isa = PBXBuildFile; fileRef = 3C630A2026C2BDC7003C7C16 /* CookingView.swift */; };
		3C87259A26BBC96D00C0ECE5 /* ItemsShippedData.swift in Sources */ = {isa = PBXBuildFile; fileRef = 3C87259926BBC96D00C0ECE5 /* ItemsShippedData.swift */; };
		3C87259C26BBDD7F00C0ECE5 /* ItemsView.swift in Sources */ = {isa = PBXBuildFile; fileRef = 3C87259B26BBDD7F00C0ECE5 /* ItemsView.swift */; };
		3C8725A026BBE38D00C0ECE5 /* ItemShippedDetailView.swift in Sources */ = {isa = PBXBuildFile; fileRef = 3C87259F26BBE38D00C0ECE5 /* ItemShippedDetailView.swift */; };
		3C8725A626BC003900C0ECE5 /* MoreButtonView.swift in Sources */ = {isa = PBXBuildFile; fileRef = 3C8725A526BC003900C0ECE5 /* MoreButtonView.swift */; };
		3C9BAF5426B1C9B80097CB06 /* Font.swift in Sources */ = {isa = PBXBuildFile; fileRef = 3C9BAF5326B1C9B80097CB06 /* Font.swift */; };
		3C9BAF5626B1DCA60097CB06 /* SettingsView.swift in Sources */ = {isa = PBXBuildFile; fileRef = 3C9BAF5526B1DCA60097CB06 /* SettingsView.swift */; };
		3CD58BC226B1468E007F89A6 /* Stardew_Library_RootApp.swift in Sources */ = {isa = PBXBuildFile; fileRef = 3CD58BC126B1468E007F89A6 /* Stardew_Library_RootApp.swift */; };
		3CD58BC426B1468E007F89A6 /* ContentView.swift in Sources */ = {isa = PBXBuildFile; fileRef = 3CD58BC326B1468E007F89A6 /* ContentView.swift */; };
		3CD58BC626B14690007F89A6 /* Assets.xcassets in Resources */ = {isa = PBXBuildFile; fileRef = 3CD58BC526B14690007F89A6 /* Assets.xcassets */; };
		3CD58BC926B14690007F89A6 /* Preview Assets.xcassets in Resources */ = {isa = PBXBuildFile; fileRef = 3CD58BC826B14690007F89A6 /* Preview Assets.xcassets */; };
		3CDDB0F326C55547006CF9F5 /* Stardew_Library_RootUITests.swift in Sources */ = {isa = PBXBuildFile; fileRef = 3CDDB0F226C55547006CF9F5 /* Stardew_Library_RootUITests.swift */; };
		3CDDB0FB26C558B8006CF9F5 /* NavigationBarColor.swift in Sources */ = {isa = PBXBuildFile; fileRef = 3CDDB0FA26C558B8006CF9F5 /* NavigationBarColor.swift */; };
		3CFCA78D26B982C300058BDF /* ViewController.swift in Sources */ = {isa = PBXBuildFile; fileRef = 3CFCA78C26B982C300058BDF /* ViewController.swift */; };
		3CFCA78F26B9837C00058BDF /* chicken.gif in Resources */ = {isa = PBXBuildFile; fileRef = 3CFCA78E26B9837C00058BDF /* chicken.gif */; };
		3CFCDAFC26CBC81800BC6E7C /* SearchBar.swift in Sources */ = {isa = PBXBuildFile; fileRef = 3CFCDAFB26CBC81800BC6E7C /* SearchBar.swift */; };
/* End PBXBuildFile section */

/* Begin PBXContainerItemProxy section */
		3CDDB0F526C55547006CF9F5 /* PBXContainerItemProxy */ = {
			isa = PBXContainerItemProxy;
			containerPortal = 3CD58BB626B1468E007F89A6 /* Project object */;
			proxyType = 1;
			remoteGlobalIDString = 3CD58BBD26B1468E007F89A6;
			remoteInfo = Stardew_Library_Root;
		};
/* End PBXContainerItemProxy section */

/* Begin PBXFileReference section */
		3C5166F526B16389008342CB /* pixel.ttf */ = {isa = PBXFileReference; lastKnownFileType = file; name = pixel.ttf; path = ../../../../Downloads/pixel.ttf; sourceTree = "<group>"; };
		3C5166F826B163A5008342CB /* pixel.ttf */ = {isa = PBXFileReference; lastKnownFileType = file; path = pixel.ttf; sourceTree = "<group>"; };
		3C5166FE26B164EB008342CB /* ColourPalette.swift */ = {isa = PBXFileReference; fileEncoding = 4; lastKnownFileType = sourcecode.swift; path = ColourPalette.swift; sourceTree = "<group>"; };
		3C51670B26B19688008342CB /* GifView.swift */ = {isa = PBXFileReference; fileEncoding = 4; lastKnownFileType = sourcecode.swift; path = GifView.swift; sourceTree = SOURCE_ROOT; };
		3C51671126B1A592008342CB /* ButtonView.swift */ = {isa = PBXFileReference; fileEncoding = 4; lastKnownFileType = sourcecode.swift; path = ButtonView.swift; sourceTree = "<group>"; };
		3C51671526B1A635008342CB /* OnboardingCardView.swift */ = {isa = PBXFileReference; lastKnownFileType = sourcecode.swift; name = OnboardingCardView.swift; path = /Users/jeandredevilliers/Desktop/Stardew_Library/Stardew_Library_Root/Views/OnboardingCardView.swift; sourceTree = "<absolute>"; };
		3C51671826B1A682008342CB /* OnboardingView.swift */ = {isa = PBXFileReference; fileEncoding = 4; lastKnownFileType = sourcecode.swift; path = OnboardingView.swift; sourceTree = "<group>"; };
		3C51672026B1B6C9008342CB /* HomeView.swift */ = {isa = PBXFileReference; lastKnownFileType = sourcecode.swift; name = HomeView.swift; path = /Users/jeandredevilliers/Desktop/Stardew_Library/Stardew_Library_Root/Scenes/HomeView.swift; sourceTree = "<absolute>"; };
		3C630A0026C27880003C7C16 /* FishView.swift */ = {isa = PBXFileReference; lastKnownFileType = sourcecode.swift; path = FishView.swift; sourceTree = "<group>"; };
		3C630A0226C278AD003C7C16 /* FishData.swift */ = {isa = PBXFileReference; lastKnownFileType = sourcecode.swift; path = FishData.swift; sourceTree = "<group>"; };
		3C630A0426C2795B003C7C16 /* FishDetailView.swift */ = {isa = PBXFileReference; lastKnownFileType = sourcecode.swift; path = FishDetailView.swift; sourceTree = "<group>"; };
		3C630A0A26C28401003C7C16 /* ArtefactsDetailView.swift */ = {isa = PBXFileReference; lastKnownFileType = sourcecode.swift; path = ArtefactsDetailView.swift; sourceTree = "<group>"; };
		3C630A0C26C2840E003C7C16 /* ArtefactsView.swift */ = {isa = PBXFileReference; lastKnownFileType = sourcecode.swift; path = ArtefactsView.swift; sourceTree = "<group>"; };
		3C630A0E26C2841A003C7C16 /* ArtefactsData.swift */ = {isa = PBXFileReference; lastKnownFileType = sourcecode.swift; path = ArtefactsData.swift; sourceTree = "<group>"; };
		3C630A1426C2B578003C7C16 /* MineralsData.swift */ = {isa = PBXFileReference; lastKnownFileType = sourcecode.swift; path = MineralsData.swift; sourceTree = "<group>"; };
		3C630A1626C2B5DF003C7C16 /* MineralsView.swift */ = {isa = PBXFileReference; lastKnownFileType = sourcecode.swift; path = MineralsView.swift; sourceTree = "<group>"; };
		3C630A1826C2B62F003C7C16 /* MineralsDetailView.swift */ = {isa = PBXFileReference; lastKnownFileType = sourcecode.swift; path = MineralsDetailView.swift; sourceTree = "<group>"; };
		3C630A1C26C2BC59003C7C16 /* CookingData.swift */ = {isa = PBXFileReference; lastKnownFileType = sourcecode.swift; path = CookingData.swift; sourceTree = "<group>"; };
		3C630A1E26C2BCFC003C7C16 /* CookingDetailView.swift */ = {isa = PBXFileReference; lastKnownFileType = sourcecode.swift; path = CookingDetailView.swift; sourceTree = "<group>"; };
		3C630A2026C2BDC7003C7C16 /* CookingView.swift */ = {isa = PBXFileReference; lastKnownFileType = sourcecode.swift; path = CookingView.swift; sourceTree = "<group>"; };
		3C87259926BBC96D00C0ECE5 /* ItemsShippedData.swift */ = {isa = PBXFileReference; lastKnownFileType = sourcecode.swift; path = ItemsShippedData.swift; sourceTree = "<group>"; };
		3C87259B26BBDD7F00C0ECE5 /* ItemsView.swift */ = {isa = PBXFileReference; lastKnownFileType = sourcecode.swift; path = ItemsView.swift; sourceTree = "<group>"; };
		3C87259F26BBE38D00C0ECE5 /* ItemShippedDetailView.swift */ = {isa = PBXFileReference; lastKnownFileType = sourcecode.swift; path = ItemShippedDetailView.swift; sourceTree = "<group>"; };
		3C8725A526BC003900C0ECE5 /* MoreButtonView.swift */ = {isa = PBXFileReference; lastKnownFileType = sourcecode.swift; path = MoreButtonView.swift; sourceTree = "<group>"; };
		3C9BAF5326B1C9B80097CB06 /* Font.swift */ = {isa = PBXFileReference; lastKnownFileType = sourcecode.swift; path = Font.swift; sourceTree = "<group>"; };
		3C9BAF5526B1DCA60097CB06 /* SettingsView.swift */ = {isa = PBXFileReference; lastKnownFileType = sourcecode.swift; path = SettingsView.swift; sourceTree = "<group>"; };
		3CD58BBE26B1468E007F89A6 /* Stardew_Library_Root.app */ = {isa = PBXFileReference; explicitFileType = wrapper.application; includeInIndex = 0; path = Stardew_Library_Root.app; sourceTree = BUILT_PRODUCTS_DIR; };
		3CD58BC126B1468E007F89A6 /* Stardew_Library_RootApp.swift */ = {isa = PBXFileReference; lastKnownFileType = sourcecode.swift; path = Stardew_Library_RootApp.swift; sourceTree = "<group>"; };
		3CD58BC326B1468E007F89A6 /* ContentView.swift */ = {isa = PBXFileReference; lastKnownFileType = sourcecode.swift; path = ContentView.swift; sourceTree = "<group>"; };
		3CD58BC526B14690007F89A6 /* Assets.xcassets */ = {isa = PBXFileReference; lastKnownFileType = folder.assetcatalog; path = Assets.xcassets; sourceTree = "<group>"; };
		3CD58BC826B14690007F89A6 /* Preview Assets.xcassets */ = {isa = PBXFileReference; lastKnownFileType = folder.assetcatalog; path = "Preview Assets.xcassets"; sourceTree = "<group>"; };
		3CD58BCA26B14690007F89A6 /* Info.plist */ = {isa = PBXFileReference; lastKnownFileType = text.plist.xml; path = Info.plist; sourceTree = "<group>"; };
		3CDDB0F026C55547006CF9F5 /* Stardew_Library_RootUITests.xctest */ = {isa = PBXFileReference; explicitFileType = wrapper.cfbundle; includeInIndex = 0; path = Stardew_Library_RootUITests.xctest; sourceTree = BUILT_PRODUCTS_DIR; };
		3CDDB0F226C55547006CF9F5 /* Stardew_Library_RootUITests.swift */ = {isa = PBXFileReference; lastKnownFileType = sourcecode.swift; path = Stardew_Library_RootUITests.swift; sourceTree = "<group>"; };
		3CDDB0F426C55547006CF9F5 /* Info.plist */ = {isa = PBXFileReference; lastKnownFileType = text.plist.xml; path = Info.plist; sourceTree = "<group>"; };
		3CDDB0FA26C558B8006CF9F5 /* NavigationBarColor.swift */ = {isa = PBXFileReference; lastKnownFileType = sourcecode.swift; path = NavigationBarColor.swift; sourceTree = "<group>"; };
		3CFCA78C26B982C300058BDF /* ViewController.swift */ = {isa = PBXFileReference; lastKnownFileType = sourcecode.swift; path = ViewController.swift; sourceTree = "<group>"; };
		3CFCA78E26B9837C00058BDF /* chicken.gif */ = {isa = PBXFileReference; lastKnownFileType = image.gif; path = chicken.gif; sourceTree = "<group>"; };
		3CFCDAFB26CBC81800BC6E7C /* SearchBar.swift */ = {isa = PBXFileReference; lastKnownFileType = sourcecode.swift; path = SearchBar.swift; sourceTree = "<group>"; };
		3CFCDAFD26CBD6AF00BC6E7C /* dogicabold.ttf */ = {isa = PBXFileReference; lastKnownFileType = file; path = dogicabold.ttf; sourceTree = "<group>"; };
		3CFCDAFF26CBD70800BC6E7C /* dogicabold.ttf */ = {isa = PBXFileReference; lastKnownFileType = file; path = dogicabold.ttf; sourceTree = "<group>"; };
/* End PBXFileReference section */

/* Begin PBXFrameworksBuildPhase section */
		3CD58BBB26B1468E007F89A6 /* Frameworks */ = {
			isa = PBXFrameworksBuildPhase;
			buildActionMask = 2147483647;
			files = (
			);
			runOnlyForDeploymentPostprocessing = 0;
		};
		3CDDB0ED26C55547006CF9F5 /* Frameworks */ = {
			isa = PBXFrameworksBuildPhase;
			buildActionMask = 2147483647;
			files = (
			);
			runOnlyForDeploymentPostprocessing = 0;
		};
/* End PBXFrameworksBuildPhase section */

/* Begin PBXGroup section */
		3C5166F726B163A0008342CB /* Fonts */ = {
			isa = PBXGroup;
			children = (
				3CFCDAFD26CBD6AF00BC6E7C /* dogicabold.ttf */,
				3C5166F826B163A5008342CB /* pixel.ttf */,
				3C9BAF5326B1C9B80097CB06 /* Font.swift */,
			);
			path = Fonts;
			sourceTree = "<group>";
		};
		3C5166FD26B164C7008342CB /* Colour */ = {
			isa = PBXGroup;
			children = (
				3C5166FE26B164EB008342CB /* ColourPalette.swift */,
				3CDDB0FA26C558B8006CF9F5 /* NavigationBarColor.swift */,
			);
			path = Colour;
			sourceTree = "<group>";
		};
		3C51670A26B1965F008342CB /* Gif */ = {
			isa = PBXGroup;
			children = (
				3CFCA78E26B9837C00058BDF /* chicken.gif */,
				3C51670B26B19688008342CB /* GifView.swift */,
				3CFCA78C26B982C300058BDF /* ViewController.swift */,
			);
			path = Gif;
			sourceTree = "<group>";
		};
		3C51671026B1A56B008342CB /* Views */ = {
			isa = PBXGroup;
			children = (
				3C51671526B1A635008342CB /* OnboardingCardView.swift */,
				3C51671126B1A592008342CB /* ButtonView.swift */,
				3C87259F26BBE38D00C0ECE5 /* ItemShippedDetailView.swift */,
				3C8725A526BC003900C0ECE5 /* MoreButtonView.swift */,
				3C630A0426C2795B003C7C16 /* FishDetailView.swift */,
				3C630A0A26C28401003C7C16 /* ArtefactsDetailView.swift */,
				3C630A1826C2B62F003C7C16 /* MineralsDetailView.swift */,
				3C630A1E26C2BCFC003C7C16 /* CookingDetailView.swift */,
			);
			path = Views;
			sourceTree = "<group>";
		};
		3C51671726B1A663008342CB /* Scenes */ = {
			isa = PBXGroup;
			children = (
				3C51671826B1A682008342CB /* OnboardingView.swift */,
				3C51672026B1B6C9008342CB /* HomeView.swift */,
				3C9BAF5526B1DCA60097CB06 /* SettingsView.swift */,
				3C87259B26BBDD7F00C0ECE5 /* ItemsView.swift */,
				3C630A0026C27880003C7C16 /* FishView.swift */,
				3C630A0C26C2840E003C7C16 /* ArtefactsView.swift */,
				3C630A1626C2B5DF003C7C16 /* MineralsView.swift */,
				3C630A2026C2BDC7003C7C16 /* CookingView.swift */,
			);
			path = Scenes;
			sourceTree = "<group>";
		};
		3C87259326BBC7F700C0ECE5 /* Data */ = {
			isa = PBXGroup;
			children = (
				3C87259926BBC96D00C0ECE5 /* ItemsShippedData.swift */,
				3C630A0226C278AD003C7C16 /* FishData.swift */,
				3C630A0E26C2841A003C7C16 /* ArtefactsData.swift */,
				3C630A1426C2B578003C7C16 /* MineralsData.swift */,
				3C630A1C26C2BC59003C7C16 /* CookingData.swift */,
			);
			path = Data;
			sourceTree = "<group>";
		};
		3CD58BB526B1468E007F89A6 = {
			isa = PBXGroup;
			children = (
				3CFCDAFA26CBC80B00BC6E7C /* Search */,
				3C87259326BBC7F700C0ECE5 /* Data */,
				3C51671726B1A663008342CB /* Scenes */,
				3C51671026B1A56B008342CB /* Views */,
				3C51670A26B1965F008342CB /* Gif */,
				3C5166FD26B164C7008342CB /* Colour */,
				3C5166F726B163A0008342CB /* Fonts */,
				3CD58BC026B1468E007F89A6 /* Stardew_Library_Root */,
				3CDDB0F126C55547006CF9F5 /* Stardew_Library_RootUITests */,
				3CD58BBF26B1468E007F89A6 /* Products */,
			);
			sourceTree = "<group>";
		};
		3CD58BBF26B1468E007F89A6 /* Products */ = {
			isa = PBXGroup;
			children = (
				3CD58BBE26B1468E007F89A6 /* Stardew_Library_Root.app */,
				3CDDB0F026C55547006CF9F5 /* Stardew_Library_RootUITests.xctest */,
			);
			name = Products;
			sourceTree = "<group>";
		};
		3CD58BC026B1468E007F89A6 /* Stardew_Library_Root */ = {
			isa = PBXGroup;
			children = (
				3CD58BC126B1468E007F89A6 /* Stardew_Library_RootApp.swift */,
				3CD58BC326B1468E007F89A6 /* ContentView.swift */,
				3CFCDAFF26CBD70800BC6E7C /* dogicabold.ttf */,
				3C5166F526B16389008342CB /* pixel.ttf */,
				3CD58BC526B14690007F89A6 /* Assets.xcassets */,
				3CD58BCA26B14690007F89A6 /* Info.plist */,
				3CD58BC726B14690007F89A6 /* Preview Content */,
			);
			path = Stardew_Library_Root;
			sourceTree = "<group>";
		};
		3CD58BC726B14690007F89A6 /* Preview Content */ = {
			isa = PBXGroup;
			children = (
				3CD58BC826B14690007F89A6 /* Preview Assets.xcassets */,
			);
			path = "Preview Content";
			sourceTree = "<group>";
		};
		3CDDB0F126C55547006CF9F5 /* Stardew_Library_RootUITests */ = {
			isa = PBXGroup;
			children = (
				3CDDB0F226C55547006CF9F5 /* Stardew_Library_RootUITests.swift */,
				3CDDB0F426C55547006CF9F5 /* Info.plist */,
			);
			path = Stardew_Library_RootUITests;
			sourceTree = "<group>";
		};
		3CFCDAFA26CBC80B00BC6E7C /* Search */ = {
			isa = PBXGroup;
			children = (
				3CFCDAFB26CBC81800BC6E7C /* SearchBar.swift */,
			);
			path = Search;
			sourceTree = "<group>";
		};
/* End PBXGroup section */

/* Begin PBXNativeTarget section */
		3CD58BBD26B1468E007F89A6 /* Stardew_Library_Root */ = {
			isa = PBXNativeTarget;
			buildConfigurationList = 3CD58BCD26B14690007F89A6 /* Build configuration list for PBXNativeTarget "Stardew_Library_Root" */;
			buildPhases = (
				3CD58BBA26B1468E007F89A6 /* Sources */,
				3CD58BBB26B1468E007F89A6 /* Frameworks */,
				3CD58BBC26B1468E007F89A6 /* Resources */,
			);
			buildRules = (
			);
			dependencies = (
			);
			name = Stardew_Library_Root;
			productName = Stardew_Library_Root;
			productReference = 3CD58BBE26B1468E007F89A6 /* Stardew_Library_Root.app */;
			productType = "com.apple.product-type.application";
		};
		3CDDB0EF26C55547006CF9F5 /* Stardew_Library_RootUITests */ = {
			isa = PBXNativeTarget;
			buildConfigurationList = 3CDDB0F926C55547006CF9F5 /* Build configuration list for PBXNativeTarget "Stardew_Library_RootUITests" */;
			buildPhases = (
				3CDDB0EC26C55547006CF9F5 /* Sources */,
				3CDDB0ED26C55547006CF9F5 /* Frameworks */,
				3CDDB0EE26C55547006CF9F5 /* Resources */,
			);
			buildRules = (
			);
			dependencies = (
				3CDDB0F626C55547006CF9F5 /* PBXTargetDependency */,
			);
			name = Stardew_Library_RootUITests;
			productName = Stardew_Library_RootUITests;
			productReference = 3CDDB0F026C55547006CF9F5 /* Stardew_Library_RootUITests.xctest */;
			productType = "com.apple.product-type.bundle.ui-testing";
		};
/* End PBXNativeTarget section */

/* Begin PBXProject section */
		3CD58BB626B1468E007F89A6 /* Project object */ = {
			isa = PBXProject;
			attributes = {
				LastSwiftUpdateCheck = 1250;
				LastUpgradeCheck = 1250;
				TargetAttributes = {
					3CD58BBD26B1468E007F89A6 = {
						CreatedOnToolsVersion = 12.5.1;
					};
					3CDDB0EF26C55547006CF9F5 = {
						CreatedOnToolsVersion = 12.5.1;
						TestTargetID = 3CD58BBD26B1468E007F89A6;
					};
				};
			};
			buildConfigurationList = 3CD58BB926B1468E007F89A6 /* Build configuration list for PBXProject "Stardew_Library_Root" */;
			compatibilityVersion = "Xcode 9.3";
			developmentRegion = en;
			hasScannedForEncodings = 0;
			knownRegions = (
				en,
				Base,
			);
			mainGroup = 3CD58BB526B1468E007F89A6;
			productRefGroup = 3CD58BBF26B1468E007F89A6 /* Products */;
			projectDirPath = "";
			projectRoot = "";
			targets = (
				3CD58BBD26B1468E007F89A6 /* Stardew_Library_Root */,
				3CDDB0EF26C55547006CF9F5 /* Stardew_Library_RootUITests */,
			);
		};
/* End PBXProject section */

/* Begin PBXResourcesBuildPhase section */
		3CD58BBC26B1468E007F89A6 /* Resources */ = {
			isa = PBXResourcesBuildPhase;
			buildActionMask = 2147483647;
			files = (
				3CD58BC926B14690007F89A6 /* Preview Assets.xcassets in Resources */,
				3CD58BC626B14690007F89A6 /* Assets.xcassets in Resources */,
				3CFCA78F26B9837C00058BDF /* chicken.gif in Resources */,
				3C5166F626B16389008342CB /* pixel.ttf in Resources */,
			);
			runOnlyForDeploymentPostprocessing = 0;
		};
		3CDDB0EE26C55547006CF9F5 /* Resources */ = {
			isa = PBXResourcesBuildPhase;
			buildActionMask = 2147483647;
			files = (
			);
			runOnlyForDeploymentPostprocessing = 0;
		};
/* End PBXResourcesBuildPhase section */

/* Begin PBXSourcesBuildPhase section */
		3CD58BBA26B1468E007F89A6 /* Sources */ = {
			isa = PBXSourcesBuildPhase;
			buildActionMask = 2147483647;
			files = (
				3C630A1726C2B5DF003C7C16 /* MineralsView.swift in Sources */,
				3C630A0B26C28401003C7C16 /* ArtefactsDetailView.swift in Sources */,
				3C630A1D26C2BC59003C7C16 /* CookingData.swift in Sources */,
				3C630A0526C2795B003C7C16 /* FishDetailView.swift in Sources */,
				3C51672126B1B6C9008342CB /* HomeView.swift in Sources */,
				3C5166FF26B164EB008342CB /* ColourPalette.swift in Sources */,
				3C630A1526C2B578003C7C16 /* MineralsData.swift in Sources */,
				3C9BAF5426B1C9B80097CB06 /* Font.swift in Sources */,
				3C630A0F26C2841A003C7C16 /* ArtefactsData.swift in Sources */,
				3C87259A26BBC96D00C0ECE5 /* ItemsShippedData.swift in Sources */,
				3C51670C26B19688008342CB /* GifView.swift in Sources */,
				3C630A0126C27880003C7C16 /* FishView.swift in Sources */,
				3CFCA78D26B982C300058BDF /* ViewController.swift in Sources */,
				3C630A0326C278AD003C7C16 /* FishData.swift in Sources */,
				3C51671226B1A593008342CB /* ButtonView.swift in Sources */,
				3C630A2126C2BDC7003C7C16 /* CookingView.swift in Sources */,
				3C630A1F26C2BCFC003C7C16 /* CookingDetailView.swift in Sources */,
				3C87259C26BBDD7F00C0ECE5 /* ItemsView.swift in Sources */,
				3CFCDAFC26CBC81800BC6E7C /* SearchBar.swift in Sources */,
				3C51671626B1A635008342CB /* OnboardingCardView.swift in Sources */,
				3C8725A626BC003900C0ECE5 /* MoreButtonView.swift in Sources */,
				3C8725A026BBE38D00C0ECE5 /* ItemShippedDetailView.swift in Sources */,
				3CD58BC426B1468E007F89A6 /* ContentView.swift in Sources */,
				3CD58BC226B1468E007F89A6 /* Stardew_Library_RootApp.swift in Sources */,
				3CDDB0FB26C558B8006CF9F5 /* NavigationBarColor.swift in Sources */,
				3C51671926B1A682008342CB /* OnboardingView.swift in Sources */,
				3C630A1926C2B62F003C7C16 /* MineralsDetailView.swift in Sources */,
				3C630A0D26C2840E003C7C16 /* ArtefactsView.swift in Sources */,
				3C9BAF5626B1DCA60097CB06 /* SettingsView.swift in Sources */,
			);
			runOnlyForDeploymentPostprocessing = 0;
		};
		3CDDB0EC26C55547006CF9F5 /* Sources */ = {
			isa = PBXSourcesBuildPhase;
			buildActionMask = 2147483647;
			files = (
				3CDDB0F326C55547006CF9F5 /* Stardew_Library_RootUITests.swift in Sources */,
			);
			runOnlyForDeploymentPostprocessing = 0;
		};
/* End PBXSourcesBuildPhase section */

/* Begin PBXTargetDependency section */
		3CDDB0F626C55547006CF9F5 /* PBXTargetDependency */ = {
			isa = PBXTargetDependency;
			target = 3CD58BBD26B1468E007F89A6 /* Stardew_Library_Root */;
			targetProxy = 3CDDB0F526C55547006CF9F5 /* PBXContainerItemProxy */;
		};
/* End PBXTargetDependency section */

/* Begin XCBuildConfiguration section */
		3CD58BCB26B14690007F89A6 /* Debug */ = {
			isa = XCBuildConfiguration;
			buildSettings = {
				ALWAYS_SEARCH_USER_PATHS = NO;
				CLANG_ANALYZER_NONNULL = YES;
				CLANG_ANALYZER_NUMBER_OBJECT_CONVERSION = YES_AGGRESSIVE;
				CLANG_CXX_LANGUAGE_STANDARD = "gnu++14";
				CLANG_CXX_LIBRARY = "libc++";
				CLANG_ENABLE_MODULES = YES;
				CLANG_ENABLE_OBJC_ARC = YES;
				CLANG_ENABLE_OBJC_WEAK = YES;
				CLANG_WARN_BLOCK_CAPTURE_AUTORELEASING = YES;
				CLANG_WARN_BOOL_CONVERSION = YES;
				CLANG_WARN_COMMA = YES;
				CLANG_WARN_CONSTANT_CONVERSION = YES;
				CLANG_WARN_DEPRECATED_OBJC_IMPLEMENTATIONS = YES;
				CLANG_WARN_DIRECT_OBJC_ISA_USAGE = YES_ERROR;
				CLANG_WARN_DOCUMENTATION_COMMENTS = YES;
				CLANG_WARN_EMPTY_BODY = YES;
				CLANG_WARN_ENUM_CONVERSION = YES;
				CLANG_WARN_INFINITE_RECURSION = YES;
				CLANG_WARN_INT_CONVERSION = YES;
				CLANG_WARN_NON_LITERAL_NULL_CONVERSION = YES;
				CLANG_WARN_OBJC_IMPLICIT_RETAIN_SELF = YES;
				CLANG_WARN_OBJC_LITERAL_CONVERSION = YES;
				CLANG_WARN_OBJC_ROOT_CLASS = YES_ERROR;
				CLANG_WARN_QUOTED_INCLUDE_IN_FRAMEWORK_HEADER = YES;
				CLANG_WARN_RANGE_LOOP_ANALYSIS = YES;
				CLANG_WARN_STRICT_PROTOTYPES = YES;
				CLANG_WARN_SUSPICIOUS_MOVE = YES;
				CLANG_WARN_UNGUARDED_AVAILABILITY = YES_AGGRESSIVE;
				CLANG_WARN_UNREACHABLE_CODE = YES;
				CLANG_WARN__DUPLICATE_METHOD_MATCH = YES;
				COPY_PHASE_STRIP = NO;
				DEBUG_INFORMATION_FORMAT = dwarf;
				ENABLE_STRICT_OBJC_MSGSEND = YES;
				ENABLE_TESTABILITY = YES;
				GCC_C_LANGUAGE_STANDARD = gnu11;
				GCC_DYNAMIC_NO_PIC = NO;
				GCC_NO_COMMON_BLOCKS = YES;
				GCC_OPTIMIZATION_LEVEL = 0;
				GCC_PREPROCESSOR_DEFINITIONS = (
					"DEBUG=1",
					"$(inherited)",
				);
				GCC_WARN_64_TO_32_BIT_CONVERSION = YES;
				GCC_WARN_ABOUT_RETURN_TYPE = YES_ERROR;
				GCC_WARN_UNDECLARED_SELECTOR = YES;
				GCC_WARN_UNINITIALIZED_AUTOS = YES_AGGRESSIVE;
				GCC_WARN_UNUSED_FUNCTION = YES;
				GCC_WARN_UNUSED_VARIABLE = YES;
				IPHONEOS_DEPLOYMENT_TARGET = 14.5;
				MTL_ENABLE_DEBUG_INFO = INCLUDE_SOURCE;
				MTL_FAST_MATH = YES;
				ONLY_ACTIVE_ARCH = YES;
				SDKROOT = iphoneos;
				SWIFT_ACTIVE_COMPILATION_CONDITIONS = DEBUG;
				SWIFT_OPTIMIZATION_LEVEL = "-Onone";
			};
			name = Debug;
		};
		3CD58BCC26B14690007F89A6 /* Release */ = {
			isa = XCBuildConfiguration;
			buildSettings = {
				ALWAYS_SEARCH_USER_PATHS = NO;
				CLANG_ANALYZER_NONNULL = YES;
				CLANG_ANALYZER_NUMBER_OBJECT_CONVERSION = YES_AGGRESSIVE;
				CLANG_CXX_LANGUAGE_STANDARD = "gnu++14";
				CLANG_CXX_LIBRARY = "libc++";
				CLANG_ENABLE_MODULES = YES;
				CLANG_ENABLE_OBJC_ARC = YES;
				CLANG_ENABLE_OBJC_WEAK = YES;
				CLANG_WARN_BLOCK_CAPTURE_AUTORELEASING = YES;
				CLANG_WARN_BOOL_CONVERSION = YES;
				CLANG_WARN_COMMA = YES;
				CLANG_WARN_CONSTANT_CONVERSION = YES;
				CLANG_WARN_DEPRECATED_OBJC_IMPLEMENTATIONS = YES;
				CLANG_WARN_DIRECT_OBJC_ISA_USAGE = YES_ERROR;
				CLANG_WARN_DOCUMENTATION_COMMENTS = YES;
				CLANG_WARN_EMPTY_BODY = YES;
				CLANG_WARN_ENUM_CONVERSION = YES;
				CLANG_WARN_INFINITE_RECURSION = YES;
				CLANG_WARN_INT_CONVERSION = YES;
				CLANG_WARN_NON_LITERAL_NULL_CONVERSION = YES;
				CLANG_WARN_OBJC_IMPLICIT_RETAIN_SELF = YES;
				CLANG_WARN_OBJC_LITERAL_CONVERSION = YES;
				CLANG_WARN_OBJC_ROOT_CLASS = YES_ERROR;
				CLANG_WARN_QUOTED_INCLUDE_IN_FRAMEWORK_HEADER = YES;
				CLANG_WARN_RANGE_LOOP_ANALYSIS = YES;
				CLANG_WARN_STRICT_PROTOTYPES = YES;
				CLANG_WARN_SUSPICIOUS_MOVE = YES;
				CLANG_WARN_UNGUARDED_AVAILABILITY = YES_AGGRESSIVE;
				CLANG_WARN_UNREACHABLE_CODE = YES;
				CLANG_WARN__DUPLICATE_METHOD_MATCH = YES;
				COPY_PHASE_STRIP = NO;
				DEBUG_INFORMATION_FORMAT = "dwarf-with-dsym";
				ENABLE_NS_ASSERTIONS = NO;
				ENABLE_STRICT_OBJC_MSGSEND = YES;
				GCC_C_LANGUAGE_STANDARD = gnu11;
				GCC_NO_COMMON_BLOCKS = YES;
				GCC_WARN_64_TO_32_BIT_CONVERSION = YES;
				GCC_WARN_ABOUT_RETURN_TYPE = YES_ERROR;
				GCC_WARN_UNDECLARED_SELECTOR = YES;
				GCC_WARN_UNINITIALIZED_AUTOS = YES_AGGRESSIVE;
				GCC_WARN_UNUSED_FUNCTION = YES;
				GCC_WARN_UNUSED_VARIABLE = YES;
				IPHONEOS_DEPLOYMENT_TARGET = 14.5;
				MTL_ENABLE_DEBUG_INFO = NO;
				MTL_FAST_MATH = YES;
				SDKROOT = iphoneos;
				SWIFT_COMPILATION_MODE = wholemodule;
				SWIFT_OPTIMIZATION_LEVEL = "-O";
				VALIDATE_PRODUCT = YES;
			};
			name = Release;
		};
		3CD58BCE26B14690007F89A6 /* Debug */ = {
			isa = XCBuildConfiguration;
			buildSettings = {
				ASSETCATALOG_COMPILER_APPICON_NAME = AppIcon;
				ASSETCATALOG_COMPILER_GLOBAL_ACCENT_COLOR_NAME = AccentColor;
				CODE_SIGN_STYLE = Automatic;
				DEVELOPMENT_ASSET_PATHS = "\"Stardew_Library_Root/Preview Content\"";
				ENABLE_PREVIEWS = YES;
				INFOPLIST_FILE = Stardew_Library_Root/Info.plist;
				IPHONEOS_DEPLOYMENT_TARGET = 14.0;
				LD_RUNPATH_SEARCH_PATHS = (
					"$(inherited)",
					"@executable_path/Frameworks",
				);
				PRODUCT_BUNDLE_IDENTIFIER = "com.openwindow.Stardew-Library-Root";
				PRODUCT_NAME = "$(TARGET_NAME)";
				SWIFT_VERSION = 5.0;
				TARGETED_DEVICE_FAMILY = "1,2";
			};
			name = Debug;
		};
		3CD58BCF26B14690007F89A6 /* Release */ = {
			isa = XCBuildConfiguration;
			buildSettings = {
				ASSETCATALOG_COMPILER_APPICON_NAME = AppIcon;
				ASSETCATALOG_COMPILER_GLOBAL_ACCENT_COLOR_NAME = AccentColor;
				CODE_SIGN_STYLE = Automatic;
				DEVELOPMENT_ASSET_PATHS = "\"Stardew_Library_Root/Preview Content\"";
				ENABLE_PREVIEWS = YES;
				INFOPLIST_FILE = Stardew_Library_Root/Info.plist;
				IPHONEOS_DEPLOYMENT_TARGET = 14.0;
				LD_RUNPATH_SEARCH_PATHS = (
					"$(inherited)",
					"@executable_path/Frameworks",
				);
				PRODUCT_BUNDLE_IDENTIFIER = "com.openwindow.Stardew-Library-Root";
				PRODUCT_NAME = "$(TARGET_NAME)";
				SWIFT_VERSION = 5.0;
				TARGETED_DEVICE_FAMILY = "1,2";
			};
			name = Release;
		};
		3CDDB0F726C55547006CF9F5 /* Debug */ = {
			isa = XCBuildConfiguration;
			buildSettings = {
				CODE_SIGN_STYLE = Automatic;
				INFOPLIST_FILE = Stardew_Library_RootUITests/Info.plist;
				LD_RUNPATH_SEARCH_PATHS = (
					"$(inherited)",
					"@executable_path/Frameworks",
					"@loader_path/Frameworks",
				);
				PRODUCT_BUNDLE_IDENTIFIER = "com.openwindow.Stardew-Library-RootUITests";
				PRODUCT_NAME = "$(TARGET_NAME)";
				SWIFT_VERSION = 5.0;
				TARGETED_DEVICE_FAMILY = "1,2";
				TEST_TARGET_NAME = Stardew_Library_Root;
			};
			name = Debug;
		};
		3CDDB0F826C55547006CF9F5 /* Release */ = {
			isa = XCBuildConfiguration;
			buildSettings = {
				CODE_SIGN_STYLE = Automatic;
				INFOPLIST_FILE = Stardew_Library_RootUITests/Info.plist;
				LD_RUNPATH_SEARCH_PATHS = (
					"$(inherited)",
					"@executable_path/Frameworks",
					"@loader_path/Frameworks",
				);
				PRODUCT_BUNDLE_IDENTIFIER = "com.openwindow.Stardew-Library-RootUITests";
				PRODUCT_NAME = "$(TARGET_NAME)";
				SWIFT_VERSION = 5.0;
				TARGETED_DEVICE_FAMILY = "1,2";
				TEST_TARGET_NAME = Stardew_Library_Root;
			};
			name = Release;
		};
/* End XCBuildConfiguration section */

/* Begin XCConfigurationList section */
		3CD58BB926B1468E007F89A6 /* Build configuration list for PBXProject "Stardew_Library_Root" */ = {
			isa = XCConfigurationList;
			buildConfigurations = (
				3CD58BCB26B14690007F89A6 /* Debug */,
				3CD58BCC26B14690007F89A6 /* Release */,
			);
			defaultConfigurationIsVisible = 0;
			defaultConfigurationName = Release;
		};
		3CD58BCD26B14690007F89A6 /* Build configuration list for PBXNativeTarget "Stardew_Library_Root" */ = {
			isa = XCConfigurationList;
			buildConfigurations = (
				3CD58BCE26B14690007F89A6 /* Debug */,
				3CD58BCF26B14690007F89A6 /* Release */,
			);
			defaultConfigurationIsVisible = 0;
			defaultConfigurationName = Release;
		};
		3CDDB0F926C55547006CF9F5 /* Build configuration list for PBXNativeTarget "Stardew_Library_RootUITests" */ = {
			isa = XCConfigurationList;
			buildConfigurations = (
				3CDDB0F726C55547006CF9F5 /* Debug */,
				3CDDB0F826C55547006CF9F5 /* Release */,
			);
			defaultConfigurationIsVisible = 0;
			defaultConfigurationName = Release;
		};
/* End XCConfigurationList section */
	};
	rootObject = 3CD58BB626B1468E007F89A6 /* Project object */;
}
